
Microsoft Visual Studio Solution File, Format Version 12.00
# Visual Studio Version 16
VisualStudioVersion = 16.0.29102.190
MinimumVisualStudioVersion = 10.0.40219.1
Project("{9A19103F-16F7-4668-BE54-9A1E7A4F7556}") = "DatingApp.API", "DatingApp.API.csproj", "{6A7B42E3-9798-4BD0-B1EB-EA54989E6B0B}"
EndProject
Project("{E24C65DC-7377-472B-9ABA-BC803B73C61A}") = "DatingApp-SPA", "..\DatingApp-SPA\", "{AD2DF0B5-A485-47C9-AE95-B4D2BD39D28B}"
	ProjectSection(WebsiteProperties) = preProject
		TargetFrameworkMoniker = ".NETFramework,Version%3Dv4.0"
		Debug.AspNetCompiler.VirtualPath = "/localhost_57434"
		Debug.AspNetCompiler.PhysicalPath = "..\DatingApp-SPA\"
		Debug.AspNetCompiler.TargetPath = "PrecompiledWeb\localhost_57434\"
		Debug.AspNetCompiler.Updateable = "true"
		Debug.AspNetCompiler.ForceOverwrite = "true"
		Debug.AspNetCompiler.FixedNames = "false"
		Debug.AspNetCompiler.Debug = "True"
		Release.AspNetCompiler.VirtualPath = "/localhost_57434"
		Release.AspNetCompiler.PhysicalPath = "..\DatingApp-SPA\"
		Release.AspNetCompiler.TargetPath = "PrecompiledWeb\localhost_57434\"
		Release.AspNetCompiler.Updateable = "true"
		Release.AspNetCompiler.ForceOverwrite = "true"
		Release.AspNetCompiler.FixedNames = "false"
		Release.AspNetCompiler.Debug = "False"
		VWDPort = "57434"
	EndProjectSection
EndProject
Global
	GlobalSection(SolutionConfigurationPlatforms) = preSolution
		Debug|Any CPU = Debug|Any CPU
		Release|Any CPU = Release|Any CPU
	EndGlobalSection
	GlobalSection(ProjectConfigurationPlatforms) = postSolution
		{6A7B42E3-9798-4BD0-B1EB-EA54989E6B0B}.Debug|Any CPU.ActiveCfg = Debug|Any CPU
		{6A7B42E3-9798-4BD0-B1EB-EA54989E6B0B}.Debug|Any CPU.Build.0 = Debug|Any CPU
		{6A7B42E3-9798-4BD0-B1EB-EA54989E6B0B}.Release|Any CPU.ActiveCfg = Release|Any CPU
		{6A7B42E3-9798-4BD0-B1EB-EA54989E6B0B}.Release|Any CPU.Build.0 = Release|Any CPU
		{AD2DF0B5-A485-47C9-AE95-B4D2BD39D28B}.Debug|Any CPU.ActiveCfg = Debug|Any CPU
		{AD2DF0B5-A485-47C9-AE95-B4D2BD39D28B}.Debug|Any CPU.Build.0 = Debug|Any CPU
		{AD2DF0B5-A485-47C9-AE95-B4D2BD39D28B}.Release|Any CPU.ActiveCfg = Debug|Any CPU
		{AD2DF0B5-A485-47C9-AE95-B4D2BD39D28B}.Release|Any CPU.Build.0 = Debug|Any CPU
	EndGlobalSection
	GlobalSection(SolutionProperties) = preSolution
		HideSolutionNode = FALSE
	EndGlobalSection
	GlobalSection(ExtensibilityGlobals) = postSolution
		SolutionGuid = {872889D1-3C18-407C-8559-E98C5FFF7C86}
	EndGlobalSection
EndGlobal
